
Microsoft Visual Studio Solution File, Format Version 12.00
# Visual Studio Version 17
VisualStudioVersion = 17.11.35219.272
MinimumVisualStudioVersion = 10.0.40219.1
Project("{FAE04EC0-301F-11D3-BF4B-00C04F79EFBC}") = "WebsiteBanLaptop", "WebsiteBanLaptop\WebsiteBanLaptop.csproj", "{ED5F904E-90EF-472E-AD0D-5B1EA39C6C42}"
EndProject
Global
	GlobalSection(SolutionConfigurationPlatforms) = preSolution
		Debug|Any CPU = Debug|Any CPU
		Release|Any CPU = Release|Any CPU
	EndGlobalSection
	GlobalSection(ProjectConfigurationPlatforms) = postSolution
		{ED5F904E-90EF-472E-AD0D-5B1EA39C6C42}.Debug|Any CPU.ActiveCfg = Debug|Any CPU
		{ED5F904E-90EF-472E-AD0D-5B1EA39C6C42}.Debug|Any CPU.Build.0 = Debug|Any CPU
		{ED5F904E-90EF-472E-AD0D-5B1EA39C6C42}.Release|Any CPU.ActiveCfg = Release|Any CPU
		{ED5F904E-90EF-472E-AD0D-5B1EA39C6C42}.Release|Any CPU.Build.0 = Release|Any CPU
	EndGlobalSection
	GlobalSection(SolutionProperties) = preSolution
		HideSolutionNode = FALSE
	EndGlobalSection
	GlobalSection(ExtensibilityGlobals) = postSolution
		SolutionGuid = {A2748242-6857-45FF-80C5-5B98C96A1462}
	EndGlobalSection
EndGlobal
